// !$*UTF8*$!
{
	archiveVersion = 1;
	classes = {
	};
	objectVersion = 51;
	objects = {

/* Begin PBXBuildFile section */
		0BB55FCFC0FEE87BCD266CE8 /* Pods_TermProject.framework in Frameworks */ = {isa = PBXBuildFile; fileRef = 748B0642BAE008622A75CE58 /* Pods_TermProject.framework */; };
		A101897F2656CDA600FA30CC /* NearStationTableViewController.swift in Sources */ = {isa = PBXBuildFile; fileRef = A101897E2656CDA600FA30CC /* NearStationTableViewController.swift */; };
		A10189812656D10900FA30CC /* NearTabBarController.swift in Sources */ = {isa = PBXBuildFile; fileRef = A10189802656D10900FA30CC /* NearTabBarController.swift */; };
		A115CD2A265127A40038E80F /* AppDelegate.swift in Sources */ = {isa = PBXBuildFile; fileRef = A115CD29265127A40038E80F /* AppDelegate.swift */; };
		A115CD2C265127A40038E80F /* SceneDelegate.swift in Sources */ = {isa = PBXBuildFile; fileRef = A115CD2B265127A40038E80F /* SceneDelegate.swift */; };
		A115CD2E265127A40038E80F /* ViewController.swift in Sources */ = {isa = PBXBuildFile; fileRef = A115CD2D265127A40038E80F /* ViewController.swift */; };
		A115CD31265127A40038E80F /* Main.storyboard in Resources */ = {isa = PBXBuildFile; fileRef = A115CD2F265127A40038E80F /* Main.storyboard */; };
		A115CD33265127A50038E80F /* Assets.xcassets in Resources */ = {isa = PBXBuildFile; fileRef = A115CD32265127A50038E80F /* Assets.xcassets */; };
		A115CD36265127A50038E80F /* LaunchScreen.storyboard in Resources */ = {isa = PBXBuildFile; fileRef = A115CD34265127A50038E80F /* LaunchScreen.storyboard */; };
		A1220D79265570F500D7BF51 /* AppLogo.png in Resources */ = {isa = PBXBuildFile; fileRef = A1220D75265570F400D7BF51 /* AppLogo.png */; };
		A1220D7A265570F500D7BF51 /* NationLogo.png in Resources */ = {isa = PBXBuildFile; fileRef = A1220D76265570F400D7BF51 /* NationLogo.png */; };
		A1220D7B265570F500D7BF51 /* NearLogo.png in Resources */ = {isa = PBXBuildFile; fileRef = A1220D77265570F400D7BF51 /* NearLogo.png */; };
		A1220D7C265570F500D7BF51 /* StationLogo.png in Resources */ = {isa = PBXBuildFile; fileRef = A1220D78265570F500D7BF51 /* StationLogo.png */; };
		A1220D7E2655753300D7BF51 /* BGImage.png in Resources */ = {isa = PBXBuildFile; fileRef = A1220D7D2655753300D7BF51 /* BGImage.png */; };
		A13865E72662880600E1B201 /* NationViewController.swift in Sources */ = {isa = PBXBuildFile; fileRef = A13865E62662880600E1B201 /* NationViewController.swift */; };
		A15A313C266C0013005313D5 /* NationDetailTableViewController.swift in Sources */ = {isa = PBXBuildFile; fileRef = A15A313B266C0013005313D5 /* NationDetailTableViewController.swift */; };
		A15A313F266C0D12005313D5 /* NationTravel.png in Resources */ = {isa = PBXBuildFile; fileRef = A15A313D266C0D12005313D5 /* NationTravel.png */; };
		A15A3140266C0D12005313D5 /* NearTravel.png in Resources */ = {isa = PBXBuildFile; fileRef = A15A313E266C0D12005313D5 /* NearTravel.png */; };
		A15A3143266C0E3E005313D5 /* chip.wav in Resources */ = {isa = PBXBuildFile; fileRef = A15A3141266C0E3E005313D5 /* chip.wav */; };
		A15A3144266C0E3E005313D5 /* cardFlip1.wav in Resources */ = {isa = PBXBuildFile; fileRef = A15A3142266C0E3E005313D5 /* cardFlip1.wav */; };
		A15A3147266C0E88005313D5 /* AudioController.swift in Sources */ = {isa = PBXBuildFile; fileRef = A15A3145266C0E88005313D5 /* AudioController.swift */; };
		A15A3148266C0E88005313D5 /* Config.swift in Sources */ = {isa = PBXBuildFile; fileRef = A15A3146266C0E88005313D5 /* Config.swift */; };
		A16C1ADD265A96420007D64E /* NearMapViewController.swift in Sources */ = {isa = PBXBuildFile; fileRef = A16C1ADC265A96420007D64E /* NearMapViewController.swift */; };
		A16C1ADF265A99CF0007D64E /* Station.swift in Sources */ = {isa = PBXBuildFile; fileRef = A16C1ADE265A99CF0007D64E /* Station.swift */; };
		A18EE976266410BA003CD992 /* 28408-an-electric-car-lottie-animation.json in Resources */ = {isa = PBXBuildFile; fileRef = A18EE975266410BA003CD992 /* 28408-an-electric-car-lottie-animation.json */; };
		A18EE97A266413B2003CD992 /* 43293-cityscape.json in Resources */ = {isa = PBXBuildFile; fileRef = A18EE979266413B2003CD992 /* 43293-cityscape.json */; };
		A18EE97C26642032003CD992 /* NationMapViewController.swift in Sources */ = {isa = PBXBuildFile; fileRef = A18EE97B26642032003CD992 /* NationMapViewController.swift */; };
		A18F46A42660076A00EA9DD1 /* NearDetailViewController.swift in Sources */ = {isa = PBXBuildFile; fileRef = A18F46A32660076A00EA9DD1 /* NearDetailViewController.swift */; };
/* End PBXBuildFile section */

/* Begin PBXFileReference section */
		1532E04B5B5601DD41723C84 /* Pods-TermProject.release.xcconfig */ = {isa = PBXFileReference; includeInIndex = 1; lastKnownFileType = text.xcconfig; name = "Pods-TermProject.release.xcconfig"; path = "Target Support Files/Pods-TermProject/Pods-TermProject.release.xcconfig"; sourceTree = "<group>"; };
		748B0642BAE008622A75CE58 /* Pods_TermProject.framework */ = {isa = PBXFileReference; explicitFileType = wrapper.framework; includeInIndex = 0; path = Pods_TermProject.framework; sourceTree = BUILT_PRODUCTS_DIR; };
		A101897E2656CDA600FA30CC /* NearStationTableViewController.swift */ = {isa = PBXFileReference; lastKnownFileType = sourcecode.swift; path = NearStationTableViewController.swift; sourceTree = "<group>"; };
		A10189802656D10900FA30CC /* NearTabBarController.swift */ = {isa = PBXFileReference; lastKnownFileType = sourcecode.swift; path = NearTabBarController.swift; sourceTree = "<group>"; };
		A115CD26265127A40038E80F /* TermProject.app */ = {isa = PBXFileReference; explicitFileType = wrapper.application; includeInIndex = 0; path = TermProject.app; sourceTree = BUILT_PRODUCTS_DIR; };
		A115CD29265127A40038E80F /* AppDelegate.swift */ = {isa = PBXFileReference; lastKnownFileType = sourcecode.swift; path = AppDelegate.swift; sourceTree = "<group>"; };
		A115CD2B265127A40038E80F /* SceneDelegate.swift */ = {isa = PBXFileReference; lastKnownFileType = sourcecode.swift; path = SceneDelegate.swift; sourceTree = "<group>"; };
		A115CD2D265127A40038E80F /* ViewController.swift */ = {isa = PBXFileReference; lastKnownFileType = sourcecode.swift; path = ViewController.swift; sourceTree = "<group>"; };
		A115CD30265127A40038E80F /* Base */ = {isa = PBXFileReference; lastKnownFileType = file.storyboard; name = Base; path = Base.lproj/Main.storyboard; sourceTree = "<group>"; };
		A115CD32265127A50038E80F /* Assets.xcassets */ = {isa = PBXFileReference; lastKnownFileType = folder.assetcatalog; path = Assets.xcassets; sourceTree = "<group>"; };
		A115CD35265127A50038E80F /* Base */ = {isa = PBXFileReference; lastKnownFileType = file.storyboard; name = Base; path = Base.lproj/LaunchScreen.storyboard; sourceTree = "<group>"; };
		A115CD37265127A50038E80F /* Info.plist */ = {isa = PBXFileReference; lastKnownFileType = text.plist.xml; path = Info.plist; sourceTree = "<group>"; };
		A1220D75265570F400D7BF51 /* AppLogo.png */ = {isa = PBXFileReference; lastKnownFileType = image.png; path = AppLogo.png; sourceTree = "<group>"; };
		A1220D76265570F400D7BF51 /* NationLogo.png */ = {isa = PBXFileReference; lastKnownFileType = image.png; path = NationLogo.png; sourceTree = "<group>"; };
		A1220D77265570F400D7BF51 /* NearLogo.png */ = {isa = PBXFileReference; lastKnownFileType = image.png; path = NearLogo.png; sourceTree = "<group>"; };
		A1220D78265570F500D7BF51 /* StationLogo.png */ = {isa = PBXFileReference; lastKnownFileType = image.png; path = StationLogo.png; sourceTree = "<group>"; };
		A1220D7D2655753300D7BF51 /* BGImage.png */ = {isa = PBXFileReference; lastKnownFileType = image.png; path = BGImage.png; sourceTree = "<group>"; };
		A13865E62662880600E1B201 /* NationViewController.swift */ = {isa = PBXFileReference; lastKnownFileType = sourcecode.swift; path = NationViewController.swift; sourceTree = "<group>"; };
		A15A313B266C0013005313D5 /* NationDetailTableViewController.swift */ = {isa = PBXFileReference; lastKnownFileType = sourcecode.swift; path = NationDetailTableViewController.swift; sourceTree = "<group>"; };
		A15A313D266C0D12005313D5 /* NationTravel.png */ = {isa = PBXFileReference; lastKnownFileType = image.png; path = NationTravel.png; sourceTree = "<group>"; };
		A15A313E266C0D12005313D5 /* NearTravel.png */ = {isa = PBXFileReference; lastKnownFileType = image.png; path = NearTravel.png; sourceTree = "<group>"; };
		A15A3141266C0E3E005313D5 /* chip.wav */ = {isa = PBXFileReference; lastKnownFileType = audio.wav; path = chip.wav; sourceTree = "<group>"; };
		A15A3142266C0E3E005313D5 /* cardFlip1.wav */ = {isa = PBXFileReference; lastKnownFileType = audio.wav; path = cardFlip1.wav; sourceTree = "<group>"; };
		A15A3145266C0E88005313D5 /* AudioController.swift */ = {isa = PBXFileReference; fileEncoding = 4; lastKnownFileType = sourcecode.swift; path = AudioController.swift; sourceTree = "<group>"; };
		A15A3146266C0E88005313D5 /* Config.swift */ = {isa = PBXFileReference; fileEncoding = 4; lastKnownFileType = sourcecode.swift; path = Config.swift; sourceTree = "<group>"; };
		A16C1ADC265A96420007D64E /* NearMapViewController.swift */ = {isa = PBXFileReference; lastKnownFileType = sourcecode.swift; path = NearMapViewController.swift; sourceTree = "<group>"; };
		A16C1ADE265A99CF0007D64E /* Station.swift */ = {isa = PBXFileReference; lastKnownFileType = sourcecode.swift; path = Station.swift; sourceTree = "<group>"; };
		A18EE975266410BA003CD992 /* 28408-an-electric-car-lottie-animation.json */ = {isa = PBXFileReference; fileEncoding = 4; lastKnownFileType = text.json; path = "28408-an-electric-car-lottie-animation.json"; sourceTree = "<group>"; };
		A18EE979266413B2003CD992 /* 43293-cityscape.json */ = {isa = PBXFileReference; fileEncoding = 4; lastKnownFileType = text.json; path = "43293-cityscape.json"; sourceTree = "<group>"; };
		A18EE97B26642032003CD992 /* NationMapViewController.swift */ = {isa = PBXFileReference; lastKnownFileType = sourcecode.swift; path = NationMapViewController.swift; sourceTree = "<group>"; };
		A18F46A32660076A00EA9DD1 /* NearDetailViewController.swift */ = {isa = PBXFileReference; lastKnownFileType = sourcecode.swift; path = NearDetailViewController.swift; sourceTree = "<group>"; };
		B30F2429AA79AF1BC78E993A /* Pods-TermProject.debug.xcconfig */ = {isa = PBXFileReference; includeInIndex = 1; lastKnownFileType = text.xcconfig; name = "Pods-TermProject.debug.xcconfig"; path = "Target Support Files/Pods-TermProject/Pods-TermProject.debug.xcconfig"; sourceTree = "<group>"; };
/* End PBXFileReference section */

/* Begin PBXFrameworksBuildPhase section */
		A115CD23265127A40038E80F /* Frameworks */ = {
			isa = PBXFrameworksBuildPhase;
			buildActionMask = 2147483647;
			files = (
				0BB55FCFC0FEE87BCD266CE8 /* Pods_TermProject.framework in Frameworks */,
			);
			runOnlyForDeploymentPostprocessing = 0;
		};
/* End PBXFrameworksBuildPhase section */

/* Begin PBXGroup section */
		A115CD1D265127A40038E80F = {
			isa = PBXGroup;
			children = (
				A115CD28265127A40038E80F /* TermProject */,
				A115CD27265127A40038E80F /* Products */,
				D62EC25DEE285F99A5B5C296 /* Pods */,
				BE20170A514657358EB95AC1 /* Frameworks */,
			);
			sourceTree = "<group>";
		};
		A115CD27265127A40038E80F /* Products */ = {
			isa = PBXGroup;
			children = (
				A115CD26265127A40038E80F /* TermProject.app */,
			);
			name = Products;
			sourceTree = "<group>";
		};
		A115CD28265127A40038E80F /* TermProject */ = {
			isa = PBXGroup;
			children = (
				A15A3145266C0E88005313D5 /* AudioController.swift */,
				A15A3146266C0E88005313D5 /* Config.swift */,
				A15A3142266C0E3E005313D5 /* cardFlip1.wav */,
				A15A3141266C0E3E005313D5 /* chip.wav */,
				A15A313D266C0D12005313D5 /* NationTravel.png */,
				A15A313E266C0D12005313D5 /* NearTravel.png */,
				A18EE979266413B2003CD992 /* 43293-cityscape.json */,
				A18EE975266410BA003CD992 /* 28408-an-electric-car-lottie-animation.json */,
				A1220D7D2655753300D7BF51 /* BGImage.png */,
				A1220D75265570F400D7BF51 /* AppLogo.png */,
				A1220D76265570F400D7BF51 /* NationLogo.png */,
				A1220D77265570F400D7BF51 /* NearLogo.png */,
				A1220D78265570F500D7BF51 /* StationLogo.png */,
				A115CD29265127A40038E80F /* AppDelegate.swift */,
				A115CD2B265127A40038E80F /* SceneDelegate.swift */,
				A115CD2D265127A40038E80F /* ViewController.swift */,
				A115CD2F265127A40038E80F /* Main.storyboard */,
				A115CD32265127A50038E80F /* Assets.xcassets */,
				A115CD34265127A50038E80F /* LaunchScreen.storyboard */,
				A115CD37265127A50038E80F /* Info.plist */,
				A101897E2656CDA600FA30CC /* NearStationTableViewController.swift */,
				A10189802656D10900FA30CC /* NearTabBarController.swift */,
				A16C1ADC265A96420007D64E /* NearMapViewController.swift */,
				A16C1ADE265A99CF0007D64E /* Station.swift */,
				A18F46A32660076A00EA9DD1 /* NearDetailViewController.swift */,
				A13865E62662880600E1B201 /* NationViewController.swift */,
				A18EE97B26642032003CD992 /* NationMapViewController.swift */,
				A15A313B266C0013005313D5 /* NationDetailTableViewController.swift */,
			);
			path = TermProject;
			sourceTree = "<group>";
		};
		BE20170A514657358EB95AC1 /* Frameworks */ = {
			isa = PBXGroup;
			children = (
				748B0642BAE008622A75CE58 /* Pods_TermProject.framework */,
			);
			name = Frameworks;
			sourceTree = "<group>";
		};
		D62EC25DEE285F99A5B5C296 /* Pods */ = {
			isa = PBXGroup;
			children = (
				B30F2429AA79AF1BC78E993A /* Pods-TermProject.debug.xcconfig */,
				1532E04B5B5601DD41723C84 /* Pods-TermProject.release.xcconfig */,
			);
			path = Pods;
			sourceTree = "<group>";
		};
/* End PBXGroup section */

/* Begin PBXNativeTarget section */
		A115CD25265127A40038E80F /* TermProject */ = {
			isa = PBXNativeTarget;
			buildConfigurationList = A115CD3A265127A50038E80F /* Build configuration list for PBXNativeTarget "TermProject" */;
			buildPhases = (
				E2E1CBCF45BE0CC0BEC948C3 /* [CP] Check Pods Manifest.lock */,
				A115CD22265127A40038E80F /* Sources */,
				A115CD23265127A40038E80F /* Frameworks */,
				A115CD24265127A40038E80F /* Resources */,
				E7929A7089F2046DC3748440 /* [CP] Embed Pods Frameworks */,
			);
			buildRules = (
			);
			dependencies = (
			);
			name = TermProject;
			productName = TermProject;
			productReference = A115CD26265127A40038E80F /* TermProject.app */;
			productType = "com.apple.product-type.application";
		};
/* End PBXNativeTarget section */

/* Begin PBXProject section */
		A115CD1E265127A40038E80F /* Project object */ = {
			isa = PBXProject;
			attributes = {
				LastSwiftUpdateCheck = 1250;
				LastUpgradeCheck = 1250;
				TargetAttributes = {
					A115CD25265127A40038E80F = {
						CreatedOnToolsVersion = 12.5;
					};
				};
			};
			buildConfigurationList = A115CD21265127A40038E80F /* Build configuration list for PBXProject "TermProject" */;
			compatibilityVersion = "Xcode 9.3";
			developmentRegion = en;
			hasScannedForEncodings = 0;
			knownRegions = (
				en,
				Base,
			);
			mainGroup = A115CD1D265127A40038E80F;
			productRefGroup = A115CD27265127A40038E80F /* Products */;
			projectDirPath = "";
			projectRoot = "";
			targets = (
				A115CD25265127A40038E80F /* TermProject */,
			);
		};
/* End PBXProject section */

/* Begin PBXResourcesBuildPhase section */
		A115CD24265127A40038E80F /* Resources */ = {
			isa = PBXResourcesBuildPhase;
			buildActionMask = 2147483647;
			files = (
				A15A313F266C0D12005313D5 /* NationTravel.png in Resources */,
				A15A3140266C0D12005313D5 /* NearTravel.png in Resources */,
				A18EE976266410BA003CD992 /* 28408-an-electric-car-lottie-animation.json in Resources */,
				A15A3144266C0E3E005313D5 /* cardFlip1.wav in Resources */,
				A1220D7B265570F500D7BF51 /* NearLogo.png in Resources */,
				A15A3143266C0E3E005313D5 /* chip.wav in Resources */,
				A115CD36265127A50038E80F /* LaunchScreen.storyboard in Resources */,
				A1220D7E2655753300D7BF51 /* BGImage.png in Resources */,
				A1220D79265570F500D7BF51 /* AppLogo.png in Resources */,
				A115CD33265127A50038E80F /* Assets.xcassets in Resources */,
				A1220D7C265570F500D7BF51 /* StationLogo.png in Resources */,
				A18EE97A266413B2003CD992 /* 43293-cityscape.json in Resources */,
				A115CD31265127A40038E80F /* Main.storyboard in Resources */,
				A1220D7A265570F500D7BF51 /* NationLogo.png in Resources */,
			);
			runOnlyForDeploymentPostprocessing = 0;
		};
/* End PBXResourcesBuildPhase section */

/* Begin PBXShellScriptBuildPhase section */
		E2E1CBCF45BE0CC0BEC948C3 /* [CP] Check Pods Manifest.lock */ = {
			isa = PBXShellScriptBuildPhase;
			buildActionMask = 2147483647;
			files = (
			);
			inputFileListPaths = (
			);
			inputPaths = (
				"${PODS_PODFILE_DIR_PATH}/Podfile.lock",
				"${PODS_ROOT}/Manifest.lock",
			);
			name = "[CP] Check Pods Manifest.lock";
			outputFileListPaths = (
			);
			outputPaths = (
				"$(DERIVED_FILE_DIR)/Pods-TermProject-checkManifestLockResult.txt",
			);
			runOnlyForDeploymentPostprocessing = 0;
			shellPath = /bin/sh;
			shellScript = "diff \"${PODS_PODFILE_DIR_PATH}/Podfile.lock\" \"${PODS_ROOT}/Manifest.lock\" > /dev/null\nif [ $? != 0 ] ; then\n    # print error to STDERR\n    echo \"error: The sandbox is not in sync with the Podfile.lock. Run 'pod install' or update your CocoaPods installation.\" >&2\n    exit 1\nfi\n# This output is used by Xcode 'outputs' to avoid re-running this script phase.\necho \"SUCCESS\" > \"${SCRIPT_OUTPUT_FILE_0}\"\n";
			showEnvVarsInLog = 0;
		};
		E7929A7089F2046DC3748440 /* [CP] Embed Pods Frameworks */ = {
			isa = PBXShellScriptBuildPhase;
			buildActionMask = 2147483647;
			files = (
			);
			inputFileListPaths = (
				"${PODS_ROOT}/Target Support Files/Pods-TermProject/Pods-TermProject-frameworks-${CONFIGURATION}-input-files.xcfilelist",
			);
			name = "[CP] Embed Pods Frameworks";
			outputFileListPaths = (
				"${PODS_ROOT}/Target Support Files/Pods-TermProject/Pods-TermProject-frameworks-${CONFIGURATION}-output-files.xcfilelist",
			);
			runOnlyForDeploymentPostprocessing = 0;
			shellPath = /bin/sh;
			shellScript = "\"${PODS_ROOT}/Target Support Files/Pods-TermProject/Pods-TermProject-frameworks.sh\"\n";
			showEnvVarsInLog = 0;
		};
/* End PBXShellScriptBuildPhase section */

/* Begin PBXSourcesBuildPhase section */
		A115CD22265127A40038E80F /* Sources */ = {
			isa = PBXSourcesBuildPhase;
			buildActionMask = 2147483647;
			files = (
				A18EE97C26642032003CD992 /* NationMapViewController.swift in Sources */,
				A115CD2E265127A40038E80F /* ViewController.swift in Sources */,
				A13865E72662880600E1B201 /* NationViewController.swift in Sources */,
				A18F46A42660076A00EA9DD1 /* NearDetailViewController.swift in Sources */,
				A16C1ADD265A96420007D64E /* NearMapViewController.swift in Sources */,
				A10189812656D10900FA30CC /* NearTabBarController.swift in Sources */,
				A15A3148266C0E88005313D5 /* Config.swift in Sources */,
				A115CD2A265127A40038E80F /* AppDelegate.swift in Sources */,
				A101897F2656CDA600FA30CC /* NearStationTableViewController.swift in Sources */,
				A15A313C266C0013005313D5 /* NationDetailTableViewController.swift in Sources */,
				A115CD2C265127A40038E80F /* SceneDelegate.swift in Sources */,
				A15A3147266C0E88005313D5 /* AudioController.swift in Sources */,
				A16C1ADF265A99CF0007D64E /* Station.swift in Sources */,
			);
			runOnlyForDeploymentPostprocessing = 0;
		};
/* End PBXSourcesBuildPhase section */

/* Begin PBXVariantGroup section */
		A115CD2F265127A40038E80F /* Main.storyboard */ = {
			isa = PBXVariantGroup;
			children = (
				A115CD30265127A40038E80F /* Base */,
			);
			name = Main.storyboard;
			sourceTree = "<group>";
		};
		A115CD34265127A50038E80F /* LaunchScreen.storyboard */ = {
			isa = PBXVariantGroup;
			children = (
				A115CD35265127A50038E80F /* Base */,
			);
			name = LaunchScreen.storyboard;
			sourceTree = "<group>";
		};
/* End PBXVariantGroup section */

/* Begin XCBuildConfiguration section */
		A115CD38265127A50038E80F /* Debug */ = {
			isa = XCBuildConfiguration;
			buildSettings = {
				ALWAYS_SEARCH_USER_PATHS = NO;
				CLANG_ANALYZER_NONNULL = YES;
				CLANG_ANALYZER_NUMBER_OBJECT_CONVERSION = YES_AGGRESSIVE;
				CLANG_CXX_LANGUAGE_STANDARD = "gnu++14";
				CLANG_CXX_LIBRARY = "libc++";
				CLANG_ENABLE_MODULES = YES;
				CLANG_ENABLE_OBJC_ARC = YES;
				CLANG_ENABLE_OBJC_WEAK = YES;
				CLANG_WARN_BLOCK_CAPTURE_AUTORELEASING = YES;
				CLANG_WARN_BOOL_CONVERSION = YES;
				CLANG_WARN_COMMA = YES;
				CLANG_WARN_CONSTANT_CONVERSION = YES;
				CLANG_WARN_DEPRECATED_OBJC_IMPLEMENTATIONS = YES;
				CLANG_WARN_DIRECT_OBJC_ISA_USAGE = YES_ERROR;
				CLANG_WARN_DOCUMENTATION_COMMENTS = YES;
				CLANG_WARN_EMPTY_BODY = YES;
				CLANG_WARN_ENUM_CONVERSION = YES;
				CLANG_WARN_INFINITE_RECURSION = YES;
				CLANG_WARN_INT_CONVERSION = YES;
				CLANG_WARN_NON_LITERAL_NULL_CONVERSION = YES;
				CLANG_WARN_OBJC_IMPLICIT_RETAIN_SELF = YES;
				CLANG_WARN_OBJC_LITERAL_CONVERSION = YES;
				CLANG_WARN_OBJC_ROOT_CLASS = YES_ERROR;
				CLANG_WARN_QUOTED_INCLUDE_IN_FRAMEWORK_HEADER = YES;
				CLANG_WARN_RANGE_LOOP_ANALYSIS = YES;
				CLANG_WARN_STRICT_PROTOTYPES = YES;
				CLANG_WARN_SUSPICIOUS_MOVE = YES;
				CLANG_WARN_UNGUARDED_AVAILABILITY = YES_AGGRESSIVE;
				CLANG_WARN_UNREACHABLE_CODE = YES;
				CLANG_WARN__DUPLICATE_METHOD_MATCH = YES;
				COPY_PHASE_STRIP = NO;
				DEBUG_INFORMATION_FORMAT = dwarf;
				ENABLE_STRICT_OBJC_MSGSEND = YES;
				ENABLE_TESTABILITY = YES;
				GCC_C_LANGUAGE_STANDARD = gnu11;
				GCC_DYNAMIC_NO_PIC = NO;
				GCC_NO_COMMON_BLOCKS = YES;
				GCC_OPTIMIZATION_LEVEL = 0;
				GCC_PREPROCESSOR_DEFINITIONS = (
					"DEBUG=1",
					"$(inherited)",
				);
				GCC_WARN_64_TO_32_BIT_CONVERSION = YES;
				GCC_WARN_ABOUT_RETURN_TYPE = YES_ERROR;
				GCC_WARN_UNDECLARED_SELECTOR = YES;
				GCC_WARN_UNINITIALIZED_AUTOS = YES_AGGRESSIVE;
				GCC_WARN_UNUSED_FUNCTION = YES;
				GCC_WARN_UNUSED_VARIABLE = YES;
				IPHONEOS_DEPLOYMENT_TARGET = 14.5;
				MTL_ENABLE_DEBUG_INFO = INCLUDE_SOURCE;
				MTL_FAST_MATH = YES;
				ONLY_ACTIVE_ARCH = YES;
				SDKROOT = iphoneos;
				SWIFT_ACTIVE_COMPILATION_CONDITIONS = DEBUG;
				SWIFT_OPTIMIZATION_LEVEL = "-Onone";
			};
			name = Debug;
		};
		A115CD39265127A50038E80F /* Release */ = {
			isa = XCBuildConfiguration;
			buildSettings = {
				ALWAYS_SEARCH_USER_PATHS = NO;
				CLANG_ANALYZER_NONNULL = YES;
				CLANG_ANALYZER_NUMBER_OBJECT_CONVERSION = YES_AGGRESSIVE;
				CLANG_CXX_LANGUAGE_STANDARD = "gnu++14";
				CLANG_CXX_LIBRARY = "libc++";
				CLANG_ENABLE_MODULES = YES;
				CLANG_ENABLE_OBJC_ARC = YES;
				CLANG_ENABLE_OBJC_WEAK = YES;
				CLANG_WARN_BLOCK_CAPTURE_AUTORELEASING = YES;
				CLANG_WARN_BOOL_CONVERSION = YES;
				CLANG_WARN_COMMA = YES;
				CLANG_WARN_CONSTANT_CONVERSION = YES;
				CLANG_WARN_DEPRECATED_OBJC_IMPLEMENTATIONS = YES;
				CLANG_WARN_DIRECT_OBJC_ISA_USAGE = YES_ERROR;
				CLANG_WARN_DOCUMENTATION_COMMENTS = YES;
				CLANG_WARN_EMPTY_BODY = YES;
				CLANG_WARN_ENUM_CONVERSION = YES;
				CLANG_WARN_INFINITE_RECURSION = YES;
				CLANG_WARN_INT_CONVERSION = YES;
				CLANG_WARN_NON_LITERAL_NULL_CONVERSION = YES;
				CLANG_WARN_OBJC_IMPLICIT_RETAIN_SELF = YES;
				CLANG_WARN_OBJC_LITERAL_CONVERSION = YES;
				CLANG_WARN_OBJC_ROOT_CLASS = YES_ERROR;
				CLANG_WARN_QUOTED_INCLUDE_IN_FRAMEWORK_HEADER = YES;
				CLANG_WARN_RANGE_LOOP_ANALYSIS = YES;
				CLANG_WARN_STRICT_PROTOTYPES = YES;
				CLANG_WARN_SUSPICIOUS_MOVE = YES;
				CLANG_WARN_UNGUARDED_AVAILABILITY = YES_AGGRESSIVE;
				CLANG_WARN_UNREACHABLE_CODE = YES;
				CLANG_WARN__DUPLICATE_METHOD_MATCH = YES;
				COPY_PHASE_STRIP = NO;
				DEBUG_INFORMATION_FORMAT = "dwarf-with-dsym";
				ENABLE_NS_ASSERTIONS = NO;
				ENABLE_STRICT_OBJC_MSGSEND = YES;
				GCC_C_LANGUAGE_STANDARD = gnu11;
				GCC_NO_COMMON_BLOCKS = YES;
				GCC_WARN_64_TO_32_BIT_CONVERSION = YES;
				GCC_WARN_ABOUT_RETURN_TYPE = YES_ERROR;
				GCC_WARN_UNDECLARED_SELECTOR = YES;
				GCC_WARN_UNINITIALIZED_AUTOS = YES_AGGRESSIVE;
				GCC_WARN_UNUSED_FUNCTION = YES;
				GCC_WARN_UNUSED_VARIABLE = YES;
				IPHONEOS_DEPLOYMENT_TARGET = 14.5;
				MTL_ENABLE_DEBUG_INFO = NO;
				MTL_FAST_MATH = YES;
				SDKROOT = iphoneos;
				SWIFT_COMPILATION_MODE = wholemodule;
				SWIFT_OPTIMIZATION_LEVEL = "-O";
				VALIDATE_PRODUCT = YES;
			};
			name = Release;
		};
		A115CD3B265127A50038E80F /* Debug */ = {
			isa = XCBuildConfiguration;
			baseConfigurationReference = B30F2429AA79AF1BC78E993A /* Pods-TermProject.debug.xcconfig */;
			buildSettings = {
				ASSETCATALOG_COMPILER_APPICON_NAME = AppIcon;
				ASSETCATALOG_COMPILER_GLOBAL_ACCENT_COLOR_NAME = AccentColor;
				CODE_SIGN_STYLE = Automatic;
				DEVELOPMENT_TEAM = 59P45H678L;
				INFOPLIST_FILE = TermProject/Info.plist;
				LD_RUNPATH_SEARCH_PATHS = (
					"$(inherited)",
					"@executable_path/Frameworks",
				);
				PRODUCT_BUNDLE_IDENTIFIER = Jinjoo.2021Class.TermProject;
				PRODUCT_NAME = "$(TARGET_NAME)";
				SWIFT_VERSION = 5.0;
				TARGETED_DEVICE_FAMILY = "1,2";
			};
			name = Debug;
		};
		A115CD3C265127A50038E80F /* Release */ = {
			isa = XCBuildConfiguration;
			baseConfigurationReference = 1532E04B5B5601DD41723C84 /* Pods-TermProject.release.xcconfig */;
			buildSettings = {
				ASSETCATALOG_COMPILER_APPICON_NAME = AppIcon;
				ASSETCATALOG_COMPILER_GLOBAL_ACCENT_COLOR_NAME = AccentColor;
				CODE_SIGN_STYLE = Automatic;
				DEVELOPMENT_TEAM = 59P45H678L;
				INFOPLIST_FILE = TermProject/Info.plist;
				LD_RUNPATH_SEARCH_PATHS = (
					"$(inherited)",
					"@executable_path/Frameworks",
				);
				PRODUCT_BUNDLE_IDENTIFIER = Jinjoo.2021Class.TermProject;
				PRODUCT_NAME = "$(TARGET_NAME)";
				SWIFT_VERSION = 5.0;
				TARGETED_DEVICE_FAMILY = "1,2";
			};
			name = Release;
		};
/* End XCBuildConfiguration section */

/* Begin XCConfigurationList section */
		A115CD21265127A40038E80F /* Build configuration list for PBXProject "TermProject" */ = {
			isa = XCConfigurationList;
			buildConfigurations = (
				A115CD38265127A50038E80F /* Debug */,
				A115CD39265127A50038E80F /* Release */,
			);
			defaultConfigurationIsVisible = 0;
			defaultConfigurationName = Release;
		};
		A115CD3A265127A50038E80F /* Build configuration list for PBXNativeTarget "TermProject" */ = {
			isa = XCConfigurationList;
			buildConfigurations = (
				A115CD3B265127A50038E80F /* Debug */,
				A115CD3C265127A50038E80F /* Release */,
			);
			defaultConfigurationIsVisible = 0;
			defaultConfigurationName = Release;
		};
/* End XCConfigurationList section */
	};
	rootObject = A115CD1E265127A40038E80F /* Project object */;
}
